
Microsoft Visual Studio Solution File, Format Version 12.00
# Visual Studio Version 16
VisualStudioVersion = 16.0.30621.155
MinimumVisualStudioVersion = 10.0.40219.1
Project("{FAE04EC0-301F-11D3-BF4B-00C04F79EFBC}") = "Tic_Tac_Toe", "Tic_Tac_Toe\Tic_Tac_Toe.csproj", "{AE91F92E-D759-47DE-B2E5-8EC299282439}"
EndProject
Global
	GlobalSection(SolutionConfigurationPlatforms) = preSolution
		Debug|Any CPU = Debug|Any CPU
		Release|Any CPU = Release|Any CPU
	EndGlobalSection
	GlobalSection(ProjectConfigurationPlatforms) = postSolution
		{AE91F92E-D759-47DE-B2E5-8EC299282439}.Debug|Any CPU.ActiveCfg = Debug|Any CPU
		{AE91F92E-D759-47DE-B2E5-8EC299282439}.Debug|Any CPU.Build.0 = Debug|Any CPU
		{AE91F92E-D759-47DE-B2E5-8EC299282439}.Release|Any CPU.ActiveCfg = Release|Any CPU
		{AE91F92E-D759-47DE-B2E5-8EC299282439}.Release|Any CPU.Build.0 = Release|Any CPU
	EndGlobalSection
	GlobalSection(SolutionProperties) = preSolution
		HideSolutionNode = FALSE
	EndGlobalSection
	GlobalSection(ExtensibilityGlobals) = postSolution
		SolutionGuid = {9AB5C144-DF5A-45EB-ABAF-F75C31332508}
	EndGlobalSection
EndGlobal
